
Microsoft Visual Studio Solution File, Format Version 12.00
# Visual Studio Version 16
VisualStudioVersion = 16.0.30517.126
MinimumVisualStudioVersion = 10.0.40219.1
Project("{FAE04EC0-301F-11D3-BF4B-00C04F79EFBC}") = "Soundex", "Soundex\Soundex.csproj", "{67BF3A54-B200-410E-8D06-94E2F5915910}"
EndProject
Project("{FAE04EC0-301F-11D3-BF4B-00C04F79EFBC}") = "Tests", "Tests\Tests.csproj", "{A4D4A2ED-067E-492E-B609-F23997CA59F4}"
EndProject
Global
	GlobalSection(SolutionConfigurationPlatforms) = preSolution
		Debug|Any CPU = Debug|Any CPU
		Release|Any CPU = Release|Any CPU
	EndGlobalSection
	GlobalSection(ProjectConfigurationPlatforms) = postSolution
		{67BF3A54-B200-410E-8D06-94E2F5915910}.Debug|Any CPU.ActiveCfg = Debug|Any CPU
		{67BF3A54-B200-410E-8D06-94E2F5915910}.Debug|Any CPU.Build.0 = Debug|Any CPU
		{67BF3A54-B200-410E-8D06-94E2F5915910}.Release|Any CPU.ActiveCfg = Release|Any CPU
		{67BF3A54-B200-410E-8D06-94E2F5915910}.Release|Any CPU.Build.0 = Release|Any CPU
		{A4D4A2ED-067E-492E-B609-F23997CA59F4}.Debug|Any CPU.ActiveCfg = Debug|Any CPU
		{A4D4A2ED-067E-492E-B609-F23997CA59F4}.Debug|Any CPU.Build.0 = Debug|Any CPU
		{A4D4A2ED-067E-492E-B609-F23997CA59F4}.Release|Any CPU.ActiveCfg = Release|Any CPU
		{A4D4A2ED-067E-492E-B609-F23997CA59F4}.Release|Any CPU.Build.0 = Release|Any CPU
	EndGlobalSection
	GlobalSection(SolutionProperties) = preSolution
		HideSolutionNode = FALSE
	EndGlobalSection
	GlobalSection(ExtensibilityGlobals) = postSolution
		SolutionGuid = {C1EEB858-88FC-43A5-B57A-536CF60909E5}
	EndGlobalSection
EndGlobal
